{
  "nodes": {
    "brew-src": {
      "flake": false,
      "locked": {
        "lastModified": 1753461463,
        "narHash": "sha256-kGc7pRH0diLzKmOHsEFA8sZ9NJpgT+tqxAMsuqNd5Po=",
        "owner": "Homebrew",
        "repo": "brew",
        "rev": "4d14be89e99a45181c18e96a5f19a5b43343cc0f",
        "type": "github"
      },
      "original": {
        "owner": "Homebrew",
        "ref": "4.5.13",
        "repo": "brew",
        "type": "github"
      }
    },
    "dagger-tap": {
      "flake": false,
      "locked": {
        "lastModified": 1754073453,
        "narHash": "sha256-JvDBTBvnKxyufOr1H2q6/JhsENtYGNYO1eqHVc1JIkQ=",
        "owner": "dagger",
        "repo": "homebrew-tap",
        "rev": "e5aca8d8dd5bba65eb50cd64346f294418096ec9",
        "type": "github"
      },
      "original": {
        "owner": "dagger",
        "repo": "homebrew-tap",
        "type": "github"
      }
    },
    "darwin": {
      "inputs": {
        "nixpkgs": [
          "nixpkgs"
        ]
      },
      "locked": {
        "lastModified": 1751313918,
        "narHash": "sha256-HsJM3XLa43WpG+665aGEh8iS8AfEwOIQWk3Mke3e7nk=",
        "owner": "lnl7",
        "repo": "nix-darwin",
        "rev": "e04a388232d9a6ba56967ce5b53a8a6f713cdfcf",
        "type": "github"
      },
      "original": {
        "owner": "lnl7",
        "repo": "nix-darwin",
        "type": "github"
      }
    },
    "home-manager": {
      "inputs": {
        "nixpkgs": [
          "nixpkgs"
        ]
      },
      "locked": {
        "lastModified": 1754263839,
        "narHash": "sha256-ck7lILfCNuunsLvExPI4Pw9OOCJksxXwozum24W8b+8=",
        "owner": "nix-community",
        "repo": "home-manager",
        "rev": "1d7abbd5454db97e0af51416f4960b3fb64a4773",
        "type": "github"
      },
      "original": {
        "owner": "nix-community",
        "ref": "master",
        "repo": "home-manager",
        "type": "github"
      }
    },
    "homebrew-bundle": {
      "flake": false,
      "locked": {
        "lastModified": 1745335228,
        "narHash": "sha256-TIKR2UgtyUmHLNZp255/vLs+1I10hXe+sciMEbAGFwE=",
        "owner": "homebrew",
        "repo": "homebrew-bundle",
        "rev": "a3265c84b232e13048ecbf6fc18a2eedfadbeb08",
        "type": "github"
      },
      "original": {
        "owner": "homebrew",
        "repo": "homebrew-bundle",
        "type": "github"
      }
    },
    "homebrew-cask": {
      "flake": false,
      "locked": {
        "lastModified": 1754303514,
        "narHash": "sha256-n+K5Ygdfy0ml9X3XSg3Bbd+8Gla+tkh/v4L+m2I/PJo=",
        "owner": "homebrew",
        "repo": "homebrew-cask",
        "rev": "ef39e72c2b8d4c068f4f5b1a0aa7ffd1908ce8eb",
        "type": "github"
      },
      "original": {
        "owner": "homebrew",
        "repo": "homebrew-cask",
        "type": "github"
      }
    },
    "homebrew-core": {
      "flake": false,
      "locked": {
        "lastModified": 1754310948,
        "narHash": "sha256-kNjm/biNmxGYZqU3qO8QdbQkpZSG5GcNanfXrAM9Yuk=",
        "owner": "homebrew",
        "repo": "homebrew-core",
        "rev": "ab4460cf440ef19a58a756c3ad0540a89def82cc",
        "type": "github"
      },
      "original": {
        "owner": "homebrew",
        "repo": "homebrew-core",
        "type": "github"
      }
    },
    "nix-homebrew": {
      "inputs": {
        "brew-src": "brew-src"
      },
      "locked": {
        "lastModified": 1754250993,
        "narHash": "sha256-MEin+qoQKtFC1b0f4tnQ+Z82BQWSCgh6Ef7rpmH9gig=",
        "owner": "zhaofengli-wip",
        "repo": "nix-homebrew",
        "rev": "314d057294e79bc2596972126b84c6f9f144499a",
        "type": "github"
      },
      "original": {
        "owner": "zhaofengli-wip",
        "repo": "nix-homebrew",
        "type": "github"
      }
    },
    "nixpkgs": {
      "locked": {
        "lastModified": 1754278406,
        "narHash": "sha256-jvIQTMN5EzoOP5RaGztpVese8a3wqy0M/h6tNzycW28=",
        "owner": "nixos",
        "repo": "nixpkgs",
        "rev": "6a489c9482ca676ce23c0bcd7f2e1795383325fa",
        "type": "github"
      },
      "original": {
        "owner": "nixos",
        "ref": "nixpkgs-unstable",
        "repo": "nixpkgs",
        "type": "github"
      }
    },
    "root": {
      "inputs": {
        "dagger-tap": "dagger-tap",
        "darwin": "darwin",
        "home-manager": "home-manager",
        "homebrew-bundle": "homebrew-bundle",
        "homebrew-cask": "homebrew-cask",
        "homebrew-core": "homebrew-core",
        "nix-homebrew": "nix-homebrew",
        "nixpkgs": "nixpkgs",
        "simtool-tap": "simtool-tap"
      }
    },
    "simtool-tap": {
      "flake": false,
      "locked": {
        "lastModified": 1753301048,
        "narHash": "sha256-3ETbyIMc4ojkZqVF92u/1Q1XLUo1mDrVsmpJBsLSKdY=",
        "owner": "azizuysal",
        "repo": "simtool",
        "rev": "522d49a81c65db524092cc5401ad2e0709dff45e",
        "type": "github"
      },
      "original": {
        "owner": "azizuysal",
        "repo": "simtool",
        "type": "github"
      }
    }
  },
  "root": "root",
  "version": 7
}
