{
  "nodes": {
    "brew-src": {
      "flake": false,
      "locked": {
        "lastModified": 1785710351,
        "narHash": "sha256-DTL5T9+HlblsnXCEdxRpEo/2NBHD3t48BS7r+PTf090=",
        "owner": "Homebrew",
        "repo": "brew",
        "rev": "7b0f22a4ab77567edef114c8dfc423fb96e2fbaa",
        "type": "github"
      },
      "original": {
        "owner": "Homebrew",
        "ref": "6.0.15",
        "repo": "brew",
        "type": "github"
      }
    },
    "dagger-tap": {
      "flake": false,
      "locked": {
        "lastModified": 1785344860,
        "narHash": "sha256-b40PovoRaxkPhhGFxRLwMU6lyh4awdlLajFt7rHVYWI=",
        "owner": "dagger",
        "repo": "homebrew-tap",
        "rev": "c281112b3ed85a0d89a30b5cf0cb70acb88de1aa",
        "type": "github"
      },
      "original": {
        "owner": "dagger",
        "repo": "homebrew-tap",
        "type": "github"
      }
    },
    "darwin": {
      "inputs": {
        "nixpkgs": [
          "nixpkgs"
        ]
      },
      "locked": {
        "lastModified": 1785389976,
        "narHash": "sha256-0tLW8Ff5yt8AH97jw4ZpFJ0OCJ122zIlgWGDmOfU/VU=",
        "owner": "lnl7",
        "repo": "nix-darwin",
        "rev": "15abb8c98f336cd8bd840d71059adebabe60bf04",
        "type": "github"
      },
      "original": {
        "owner": "lnl7",
        "repo": "nix-darwin",
        "type": "github"
      }
    },
    "home-manager": {
      "inputs": {
        "nixpkgs": [
          "nixpkgs"
        ]
      },
      "locked": {
        "lastModified": 1786501082,
        "narHash": "sha256-ROC70hdloiAY74yodpAgT0sP1dmYk+vchjYsrfmhfiM=",
        "owner": "nix-community",
        "repo": "home-manager",
        "rev": "99e84ee7387ff24cd112ff51f71c3465eb9cb770",
        "type": "github"
      },
      "original": {
        "owner": "nix-community",
        "ref": "master",
        "repo": "home-manager",
        "type": "github"
      }
    },
    "homebrew-bundle": {
      "flake": false,
      "locked": {
        "lastModified": 1745335228,
        "narHash": "sha256-TIKR2UgtyUmHLNZp255/vLs+1I10hXe+sciMEbAGFwE=",
        "owner": "homebrew",
        "repo": "homebrew-bundle",
        "rev": "a3265c84b232e13048ecbf6fc18a2eedfadbeb08",
        "type": "github"
      },
      "original": {
        "owner": "homebrew",
        "repo": "homebrew-bundle",
        "type": "github"
      }
    },
    "homebrew-cask": {
      "flake": false,
      "locked": {
        "lastModified": 1786531331,
        "narHash": "sha256-E4ONRCyLkJvvBOs7TF/j3k9GnGKRn19QAcjG25A5cC4=",
        "owner": "homebrew",
        "repo": "homebrew-cask",
        "rev": "25b6d2f01c3478b0b01ee69ab4be768d078611d9",
        "type": "github"
      },
      "original": {
        "owner": "homebrew",
        "repo": "homebrew-cask",
        "type": "github"
      }
    },
    "homebrew-core": {
      "flake": false,
      "locked": {
        "lastModified": 1786529246,
        "narHash": "sha256-rxq0wlrofdcX8mXFoQ+y9QriLGQF0c3RrfJi+GO+H5o=",
        "owner": "homebrew",
        "repo": "homebrew-core",
        "rev": "33328629b62033970138694132b9eb0684e6e0d9",
        "type": "github"
      },
      "original": {
        "owner": "homebrew",
        "repo": "homebrew-core",
        "type": "github"
      }
    },
    "llmfit-tap": {
      "flake": false,
      "locked": {
        "lastModified": 1786296338,
        "narHash": "sha256-IaGaCWlVdI8gnJyq3sa0YFmZ3s5FwZHTL7M0DwMAS5g=",
        "owner": "AlexsJones",
        "repo": "homebrew-llmfit",
        "rev": "f7ef62c0a8723ae19c09a4e0ce1a773b5cff313a",
        "type": "github"
      },
      "original": {
        "owner": "AlexsJones",
        "repo": "homebrew-llmfit",
        "type": "github"
      }
    },
    "nix-homebrew": {
      "inputs": {
        "brew-src": "brew-src"
      },
      "locked": {
        "lastModified": 1786217209,
        "narHash": "sha256-rusAj5QBnbSwXG6csns6dwxTeCOGRcj08VmlnhUQ6ZY=",
        "owner": "zhaofengli-wip",
        "repo": "nix-homebrew",
        "rev": "486357ea434dc0061ea52121ff99b1d33096c811",
        "type": "github"
      },
      "original": {
        "owner": "zhaofengli-wip",
        "repo": "nix-homebrew",
        "type": "github"
      }
    },
    "nixpkgs": {
      "locked": {
        "lastModified": 1786348146,
        "narHash": "sha256-we5zDEFfn8TgzeWKjKDMIjeQZ59omEPl23NIF+13/ys=",
        "owner": "nixos",
        "repo": "nixpkgs",
        "rev": "d482ef84049d9b7276b83a06e4e4d76983830097",
        "type": "github"
      },
      "original": {
        "owner": "nixos",
        "ref": "nixpkgs-unstable",
        "repo": "nixpkgs",
        "type": "github"
      }
    },
    "root": {
      "inputs": {
        "dagger-tap": "dagger-tap",
        "darwin": "darwin",
        "home-manager": "home-manager",
        "homebrew-bundle": "homebrew-bundle",
        "homebrew-cask": "homebrew-cask",
        "homebrew-core": "homebrew-core",
        "llmfit-tap": "llmfit-tap",
        "nix-homebrew": "nix-homebrew",
        "nixpkgs": "nixpkgs",
        "simtool-tap": "simtool-tap"
      }
    },
    "simtool-tap": {
      "flake": false,
      "locked": {
        "lastModified": 1777028358,
        "narHash": "sha256-xSWTc0iucJFlvzWXIrOqwawGS/NKDVPKfBUVrW/gnLY=",
        "owner": "azizuysal",
        "repo": "simtool",
        "rev": "df047a4cf40335bfda8c4eb1d69f3187ef407ec5",
        "type": "github"
      },
      "original": {
        "owner": "azizuysal",
        "repo": "simtool",
        "type": "github"
      }
    }
  },
  "root": "root",
  "version": 7
}
